// !$*UTF8*$!
{
	archiveVersion = 1;
	classes = {
	};
	objectVersion = 48;
	objects = {

/* Begin PBXBuildFile section */
		6F9F4DB6737BEC1F7D6B1E78 /* Pods_AppsList.framework in Frameworks */ = {isa = PBXBuildFile; fileRef = 0BF52C2AE1E61AA3F89E6D5A /* Pods_AppsList.framework */; };
		B1D38EA71FD2EF320031AA36 /* AppDelegate.swift in Sources */ = {isa = PBXBuildFile; fileRef = B1D38EA61FD2EF320031AA36 /* AppDelegate.swift */; };
		B1D38EA91FD2EF320031AA36 /* ViewController.swift in Sources */ = {isa = PBXBuildFile; fileRef = B1D38EA81FD2EF320031AA36 /* ViewController.swift */; };
		B1D38EAC1FD2EF320031AA36 /* Main.storyboard in Resources */ = {isa = PBXBuildFile; fileRef = B1D38EAA1FD2EF320031AA36 /* Main.storyboard */; };
		B1D38EAE1FD2EF320031AA36 /* Assets.xcassets in Resources */ = {isa = PBXBuildFile; fileRef = B1D38EAD1FD2EF320031AA36 /* Assets.xcassets */; };
		B1D38EB11FD2EF320031AA36 /* LaunchScreen.storyboard in Resources */ = {isa = PBXBuildFile; fileRef = B1D38EAF1FD2EF320031AA36 /* LaunchScreen.storyboard */; };
		B1D38EBA1FD2F7570031AA36 /* index.js in Resources */ = {isa = PBXBuildFile; fileRef = B1D38EB91FD2F7570031AA36 /* index.js */; };
/* End PBXBuildFile section */

/* Begin PBXFileReference section */
		0BF52C2AE1E61AA3F89E6D5A /* Pods_AppsList.framework */ = {isa = PBXFileReference; explicitFileType = wrapper.framework; includeInIndex = 0; path = Pods_AppsList.framework; sourceTree = BUILT_PRODUCTS_DIR; };
		7197BF5CDDE351C2FF224BD3 /* Pods-AppsList.debug.xcconfig */ = {isa = PBXFileReference; includeInIndex = 1; lastKnownFileType = text.xcconfig; name = "Pods-AppsList.debug.xcconfig"; path = "Pods/Target Support Files/Pods-AppsList/Pods-AppsList.debug.xcconfig"; sourceTree = "<group>"; };
		94B90E6A9C77BF780DBF73DF /* Pods-AppsList.release.xcconfig */ = {isa = PBXFileReference; includeInIndex = 1; lastKnownFileType = text.xcconfig; name = "Pods-AppsList.release.xcconfig"; path = "Pods/Target Support Files/Pods-AppsList/Pods-AppsList.release.xcconfig"; sourceTree = "<group>"; };
		B1D38EA31FD2EF320031AA36 /* AppsList.app */ = {isa = PBXFileReference; explicitFileType = wrapper.application; includeInIndex = 0; path = AppsList.app; sourceTree = BUILT_PRODUCTS_DIR; };
		B1D38EA61FD2EF320031AA36 /* AppDelegate.swift */ = {isa = PBXFileReference; lastKnownFileType = sourcecode.swift; path = AppDelegate.swift; sourceTree = "<group>"; };
		B1D38EA81FD2EF320031AA36 /* ViewController.swift */ = {isa = PBXFileReference; lastKnownFileType = sourcecode.swift; path = ViewController.swift; sourceTree = "<group>"; };
		B1D38EAB1FD2EF320031AA36 /* Base */ = {isa = PBXFileReference; lastKnownFileType = file.storyboard; name = Base; path = Base.lproj/Main.storyboard; sourceTree = "<group>"; };
		B1D38EAD1FD2EF320031AA36 /* Assets.xcassets */ = {isa = PBXFileReference; lastKnownFileType = folder.assetcatalog; path = Assets.xcassets; sourceTree = "<group>"; };
		B1D38EB01FD2EF320031AA36 /* Base */ = {isa = PBXFileReference; lastKnownFileType = file.storyboard; name = Base; path = Base.lproj/LaunchScreen.storyboard; sourceTree = "<group>"; };
		B1D38EB21FD2EF320031AA36 /* Info.plist */ = {isa = PBXFileReference; lastKnownFileType = text.plist.xml; path = Info.plist; sourceTree = "<group>"; };
		B1D38EB91FD2F7570031AA36 /* index.js */ = {isa = PBXFileReference; fileEncoding = 4; lastKnownFileType = sourcecode.javascript; path = index.js; sourceTree = SOURCE_ROOT; };
/* End PBXFileReference section */

/* Begin PBXFrameworksBuildPhase section */
		B1D38EA01FD2EF320031AA36 /* Frameworks */ = {
			isa = PBXFrameworksBuildPhase;
			buildActionMask = 2147483647;
			files = (
				6F9F4DB6737BEC1F7D6B1E78 /* Pods_AppsList.framework in Frameworks */,
			);
			runOnlyForDeploymentPostprocessing = 0;
		};
/* End PBXFrameworksBuildPhase section */

/* Begin PBXGroup section */
		7564078C6E299CC824885A56 /* Pods */ = {
			isa = PBXGroup;
			children = (
				7197BF5CDDE351C2FF224BD3 /* Pods-AppsList.debug.xcconfig */,
				94B90E6A9C77BF780DBF73DF /* Pods-AppsList.release.xcconfig */,
			);
			name = Pods;
			sourceTree = "<group>";
		};
		B1D38E9A1FD2EF320031AA36 = {
			isa = PBXGroup;
			children = (
				B1D38EA51FD2EF320031AA36 /* AppsList */,
				B1D38EA41FD2EF320031AA36 /* Products */,
				7564078C6E299CC824885A56 /* Pods */,
				E63F1903C28196B01B70B58E /* Frameworks */,
			);
			sourceTree = "<group>";
		};
		B1D38EA41FD2EF320031AA36 /* Products */ = {
			isa = PBXGroup;
			children = (
				B1D38EA31FD2EF320031AA36 /* AppsList.app */,
			);
			name = Products;
			sourceTree = "<group>";
		};
		B1D38EA51FD2EF320031AA36 /* AppsList */ = {
			isa = PBXGroup;
			children = (
				B1D38EB91FD2F7570031AA36 /* index.js */,
				B1D38EB81FD2F3AB0031AA36 /* React */,
				B1D38EA61FD2EF320031AA36 /* AppDelegate.swift */,
				B1D38EA81FD2EF320031AA36 /* ViewController.swift */,
				B1D38EAA1FD2EF320031AA36 /* Main.storyboard */,
				B1D38EAD1FD2EF320031AA36 /* Assets.xcassets */,
				B1D38EAF1FD2EF320031AA36 /* LaunchScreen.storyboard */,
				B1D38EB21FD2EF320031AA36 /* Info.plist */,
			);
			path = AppsList;
			sourceTree = "<group>";
		};
		B1D38EB81FD2F3AB0031AA36 /* React */ = {
			isa = PBXGroup;
			children = (
			);
			path = React;
			sourceTree = "<group>";
		};
		E63F1903C28196B01B70B58E /* Frameworks */ = {
			isa = PBXGroup;
			children = (
				0BF52C2AE1E61AA3F89E6D5A /* Pods_AppsList.framework */,
			);
			name = Frameworks;
			sourceTree = "<group>";
		};
/* End PBXGroup section */

/* Begin PBXNativeTarget section */
		B1D38EA21FD2EF320031AA36 /* AppsList */ = {
			isa = PBXNativeTarget;
			buildConfigurationList = B1D38EB51FD2EF320031AA36 /* Build configuration list for PBXNativeTarget "AppsList" */;
			buildPhases = (
				07FEF9C7A896A2B07E607320 /* [CP] Check Pods Manifest.lock */,
				B1D38E9F1FD2EF320031AA36 /* Sources */,
				B1D38EA01FD2EF320031AA36 /* Frameworks */,
				B1D38EA11FD2EF320031AA36 /* Resources */,
				CC945C7FB5A7573A4E8D8F07 /* [CP] Embed Pods Frameworks */,
				D041F8BA55E10A86BE9B7377 /* [CP] Copy Pods Resources */,
			);
			buildRules = (
			);
			dependencies = (
			);
			name = AppsList;
			productName = AppsList;
			productReference = B1D38EA31FD2EF320031AA36 /* AppsList.app */;
			productType = "com.apple.product-type.application";
		};
/* End PBXNativeTarget section */

/* Begin PBXProject section */
		B1D38E9B1FD2EF320031AA36 /* Project object */ = {
			isa = PBXProject;
			attributes = {
				LastSwiftUpdateCheck = 0900;
				LastUpgradeCheck = 0900;
				ORGANIZATIONNAME = "Robert Herdzik";
				TargetAttributes = {
					B1D38EA21FD2EF320031AA36 = {
						CreatedOnToolsVersion = 9.0;
						ProvisioningStyle = Automatic;
					};
				};
			};
			buildConfigurationList = B1D38E9E1FD2EF320031AA36 /* Build configuration list for PBXProject "AppsList" */;
			compatibilityVersion = "Xcode 8.0";
			developmentRegion = en;
			hasScannedForEncodings = 0;
			knownRegions = (
				en,
				Base,
			);
			mainGroup = B1D38E9A1FD2EF320031AA36;
			productRefGroup = B1D38EA41FD2EF320031AA36 /* Products */;
			projectDirPath = "";
			projectRoot = "";
			targets = (
				B1D38EA21FD2EF320031AA36 /* AppsList */,
			);
		};
/* End PBXProject section */

/* Begin PBXResourcesBuildPhase section */
		B1D38EA11FD2EF320031AA36 /* Resources */ = {
			isa = PBXResourcesBuildPhase;
			buildActionMask = 2147483647;
			files = (
				B1D38EB11FD2EF320031AA36 /* LaunchScreen.storyboard in Resources */,
				B1D38EAE1FD2EF320031AA36 /* Assets.xcassets in Resources */,
				B1D38EAC1FD2EF320031AA36 /* Main.storyboard in Resources */,
				B1D38EBA1FD2F7570031AA36 /* index.js in Resources */,
			);
			runOnlyForDeploymentPostprocessing = 0;
		};
/* End PBXResourcesBuildPhase section */

/* Begin PBXShellScriptBuildPhase section */
		07FEF9C7A896A2B07E607320 /* [CP] Check Pods Manifest.lock */ = {
			isa = PBXShellScriptBuildPhase;
			buildActionMask = 2147483647;
			files = (
			);
			inputPaths = (
			);
			name = "[CP] Check Pods Manifest.lock";
			outputPaths = (
			);
			runOnlyForDeploymentPostprocessing = 0;
			shellPath = /bin/sh;
			shellScript = "diff \"${PODS_PODFILE_DIR_PATH}/Podfile.lock\" \"${PODS_ROOT}/Manifest.lock\" > /dev/null\nif [ $? != 0 ] ; then\n    # print error to STDERR\n    echo \"error: The sandbox is not in sync with the Podfile.lock. Run 'pod install' or update your CocoaPods installation.\" >&2\n    exit 1\nfi\n";
			showEnvVarsInLog = 0;
		};
		CC945C7FB5A7573A4E8D8F07 /* [CP] Embed Pods Frameworks */ = {
			isa = PBXShellScriptBuildPhase;
			buildActionMask = 2147483647;
			files = (
			);
			inputPaths = (
			);
			name = "[CP] Embed Pods Frameworks";
			outputPaths = (
			);
			runOnlyForDeploymentPostprocessing = 0;
			shellPath = /bin/sh;
			shellScript = "\"${SRCROOT}/Pods/Target Support Files/Pods-AppsList/Pods-AppsList-frameworks.sh\"\n";
			showEnvVarsInLog = 0;
		};
		D041F8BA55E10A86BE9B7377 /* [CP] Copy Pods Resources */ = {
			isa = PBXShellScriptBuildPhase;
			buildActionMask = 2147483647;
			files = (
			);
			inputPaths = (
			);
			name = "[CP] Copy Pods Resources";
			outputPaths = (
			);
			runOnlyForDeploymentPostprocessing = 0;
			shellPath = /bin/sh;
			shellScript = "\"${SRCROOT}/Pods/Target Support Files/Pods-AppsList/Pods-AppsList-resources.sh\"\n";
			showEnvVarsInLog = 0;
		};
/* End PBXShellScriptBuildPhase section */

/* Begin PBXSourcesBuildPhase section */
		B1D38E9F1FD2EF320031AA36 /* Sources */ = {
			isa = PBXSourcesBuildPhase;
			buildActionMask = 2147483647;
			files = (
				B1D38EA91FD2EF320031AA36 /* ViewController.swift in Sources */,
				B1D38EA71FD2EF320031AA36 /* AppDelegate.swift in Sources */,
			);
			runOnlyForDeploymentPostprocessing = 0;
		};
/* End PBXSourcesBuildPhase section */

/* Begin PBXVariantGroup section */
		B1D38EAA1FD2EF320031AA36 /* Main.storyboard */ = {
			isa = PBXVariantGroup;
			children = (
				B1D38EAB1FD2EF320031AA36 /* Base */,
			);
			name = Main.storyboard;
			sourceTree = "<group>";
		};
		B1D38EAF1FD2EF320031AA36 /* LaunchScreen.storyboard */ = {
			isa = PBXVariantGroup;
			children = (
				B1D38EB01FD2EF320031AA36 /* Base */,
			);
			name = LaunchScreen.storyboard;
			sourceTree = "<group>";
		};
/* End PBXVariantGroup section */

/* Begin XCBuildConfiguration section */
		B1D38EB31FD2EF320031AA36 /* Debug */ = {
			isa = XCBuildConfiguration;
			buildSettings = {
				ALWAYS_SEARCH_USER_PATHS = NO;
				CLANG_ANALYZER_NONNULL = YES;
				CLANG_ANALYZER_NUMBER_OBJECT_CONVERSION = YES_AGGRESSIVE;
				CLANG_CXX_LANGUAGE_STANDARD = "gnu++14";
				CLANG_CXX_LIBRARY = "libc++";
				CLANG_ENABLE_MODULES = YES;
				CLANG_ENABLE_OBJC_ARC = YES;
				CLANG_WARN_BLOCK_CAPTURE_AUTORELEASING = YES;
				CLANG_WARN_BOOL_CONVERSION = YES;
				CLANG_WARN_COMMA = YES;
				CLANG_WARN_CONSTANT_CONVERSION = YES;
				CLANG_WARN_DIRECT_OBJC_ISA_USAGE = YES_ERROR;
				CLANG_WARN_DOCUMENTATION_COMMENTS = YES;
				CLANG_WARN_EMPTY_BODY = YES;
				CLANG_WARN_ENUM_CONVERSION = YES;
				CLANG_WARN_INFINITE_RECURSION = YES;
				CLANG_WARN_INT_CONVERSION = YES;
				CLANG_WARN_NON_LITERAL_NULL_CONVERSION = YES;
				CLANG_WARN_OBJC_LITERAL_CONVERSION = YES;
				CLANG_WARN_OBJC_ROOT_CLASS = YES_ERROR;
				CLANG_WARN_RANGE_LOOP_ANALYSIS = YES;
				CLANG_WARN_STRICT_PROTOTYPES = YES;
				CLANG_WARN_SUSPICIOUS_MOVE = YES;
				CLANG_WARN_UNGUARDED_AVAILABILITY = YES_AGGRESSIVE;
				CLANG_WARN_UNREACHABLE_CODE = YES;
				CLANG_WARN__DUPLICATE_METHOD_MATCH = YES;
				CODE_SIGN_IDENTITY = "iPhone Developer";
				COPY_PHASE_STRIP = NO;
				DEBUG_INFORMATION_FORMAT = dwarf;
				ENABLE_STRICT_OBJC_MSGSEND = YES;
				ENABLE_TESTABILITY = YES;
				GCC_C_LANGUAGE_STANDARD = gnu11;
				GCC_DYNAMIC_NO_PIC = NO;
				GCC_NO_COMMON_BLOCKS = YES;
				GCC_OPTIMIZATION_LEVEL = 0;
				GCC_PREPROCESSOR_DEFINITIONS = (
					"DEBUG=1",
					"$(inherited)",
				);
				GCC_WARN_64_TO_32_BIT_CONVERSION = YES;
				GCC_WARN_ABOUT_RETURN_TYPE = YES_ERROR;
				GCC_WARN_UNDECLARED_SELECTOR = YES;
				GCC_WARN_UNINITIALIZED_AUTOS = YES_AGGRESSIVE;
				GCC_WARN_UNUSED_FUNCTION = YES;
				GCC_WARN_UNUSED_VARIABLE = YES;
				IPHONEOS_DEPLOYMENT_TARGET = 11.0;
				MTL_ENABLE_DEBUG_INFO = YES;
				ONLY_ACTIVE_ARCH = YES;
				SDKROOT = iphoneos;
				SWIFT_ACTIVE_COMPILATION_CONDITIONS = DEBUG;
				SWIFT_OPTIMIZATION_LEVEL = "-Onone";
			};
			name = Debug;
		};
		B1D38EB41FD2EF320031AA36 /* Release */ = {
			isa = XCBuildConfiguration;
			buildSettings = {
				ALWAYS_SEARCH_USER_PATHS = NO;
				CLANG_ANALYZER_NONNULL = YES;
				CLANG_ANALYZER_NUMBER_OBJECT_CONVERSION = YES_AGGRESSIVE;
				CLANG_CXX_LANGUAGE_STANDARD = "gnu++14";
				CLANG_CXX_LIBRARY = "libc++";
				CLANG_ENABLE_MODULES = YES;
				CLANG_ENABLE_OBJC_ARC = YES;
				CLANG_WARN_BLOCK_CAPTURE_AUTORELEASING = YES;
				CLANG_WARN_BOOL_CONVERSION = YES;
				CLANG_WARN_COMMA = YES;
				CLANG_WARN_CONSTANT_CONVERSION = YES;
				CLANG_WARN_DIRECT_OBJC_ISA_USAGE = YES_ERROR;
				CLANG_WARN_DOCUMENTATION_COMMENTS = YES;
				CLANG_WARN_EMPTY_BODY = YES;
				CLANG_WARN_ENUM_CONVERSION = YES;
				CLANG_WARN_INFINITE_RECURSION = YES;
				CLANG_WARN_INT_CONVERSION = YES;
				CLANG_WARN_NON_LITERAL_NULL_CONVERSION = YES;
				CLANG_WARN_OBJC_LITERAL_CONVERSION = YES;
				CLANG_WARN_OBJC_ROOT_CLASS = YES_ERROR;
				CLANG_WARN_RANGE_LOOP_ANALYSIS = YES;
				CLANG_WARN_STRICT_PROTOTYPES = YES;
				CLANG_WARN_SUSPICIOUS_MOVE = YES;
				CLANG_WARN_UNGUARDED_AVAILABILITY = YES_AGGRESSIVE;
				CLANG_WARN_UNREACHABLE_CODE = YES;
				CLANG_WARN__DUPLICATE_METHOD_MATCH = YES;
				CODE_SIGN_IDENTITY = "iPhone Developer";
				COPY_PHASE_STRIP = NO;
				DEBUG_INFORMATION_FORMAT = "dwarf-with-dsym";
				ENABLE_NS_ASSERTIONS = NO;
				ENABLE_STRICT_OBJC_MSGSEND = YES;
				GCC_C_LANGUAGE_STANDARD = gnu11;
				GCC_NO_COMMON_BLOCKS = YES;
				GCC_WARN_64_TO_32_BIT_CONVERSION = YES;
				GCC_WARN_ABOUT_RETURN_TYPE = YES_ERROR;
				GCC_WARN_UNDECLARED_SELECTOR = YES;
				GCC_WARN_UNINITIALIZED_AUTOS = YES_AGGRESSIVE;
				GCC_WARN_UNUSED_FUNCTION = YES;
				GCC_WARN_UNUSED_VARIABLE = YES;
				IPHONEOS_DEPLOYMENT_TARGET = 11.0;
				MTL_ENABLE_DEBUG_INFO = NO;
				SDKROOT = iphoneos;
				SWIFT_OPTIMIZATION_LEVEL = "-Owholemodule";
				VALIDATE_PRODUCT = YES;
			};
			name = Release;
		};
		B1D38EB61FD2EF320031AA36 /* Debug */ = {
			isa = XCBuildConfiguration;
			baseConfigurationReference = 7197BF5CDDE351C2FF224BD3 /* Pods-AppsList.debug.xcconfig */;
			buildSettings = {
				ASSETCATALOG_COMPILER_APPICON_NAME = AppIcon;
				CODE_SIGN_STYLE = Automatic;
				INFOPLIST_FILE = AppsList/Info.plist;
				LD_RUNPATH_SEARCH_PATHS = "$(inherited) @executable_path/Frameworks";
				PRODUCT_BUNDLE_IDENTIFIER = x.AppsList;
				PRODUCT_NAME = "$(TARGET_NAME)";
				SWIFT_VERSION = 4.0;
				TARGETED_DEVICE_FAMILY = "1,2";
			};
			name = Debug;
		};
		B1D38EB71FD2EF320031AA36 /* Release */ = {
			isa = XCBuildConfiguration;
			baseConfigurationReference = 94B90E6A9C77BF780DBF73DF /* Pods-AppsList.release.xcconfig */;
			buildSettings = {
				ASSETCATALOG_COMPILER_APPICON_NAME = AppIcon;
				CODE_SIGN_STYLE = Automatic;
				INFOPLIST_FILE = AppsList/Info.plist;
				LD_RUNPATH_SEARCH_PATHS = "$(inherited) @executable_path/Frameworks";
				PRODUCT_BUNDLE_IDENTIFIER = x.AppsList;
				PRODUCT_NAME = "$(TARGET_NAME)";
				SWIFT_VERSION = 4.0;
				TARGETED_DEVICE_FAMILY = "1,2";
			};
			name = Release;
		};
/* End XCBuildConfiguration section */

/* Begin XCConfigurationList section */
		B1D38E9E1FD2EF320031AA36 /* Build configuration list for PBXProject "AppsList" */ = {
			isa = XCConfigurationList;
			buildConfigurations = (
				B1D38EB31FD2EF320031AA36 /* Debug */,
				B1D38EB41FD2EF320031AA36 /* Release */,
			);
			defaultConfigurationIsVisible = 0;
			defaultConfigurationName = Release;
		};
		B1D38EB51FD2EF320031AA36 /* Build configuration list for PBXNativeTarget "AppsList" */ = {
			isa = XCConfigurationList;
			buildConfigurations = (
				B1D38EB61FD2EF320031AA36 /* Debug */,
				B1D38EB71FD2EF320031AA36 /* Release */,
			);
			defaultConfigurationIsVisible = 0;
			defaultConfigurationName = Release;
		};
/* End XCConfigurationList section */
	};
	rootObject = B1D38E9B1FD2EF320031AA36 /* Project object */;
}
